// !$*UTF8*$!
{
	archiveVersion = 1;
	classes = {
	};
	objectVersion = 56;
	objects = {

/* Begin PBXBuildFile section */
		7ACF17B42A30B29100072901 /* TCATutorialApp.swift in Sources */ = {isa = PBXBuildFile; fileRef = 7ACF17B32A30B29100072901 /* TCATutorialApp.swift */; };
		7ACF17B62A30B29100072901 /* ContentView.swift in Sources */ = {isa = PBXBuildFile; fileRef = 7ACF17B52A30B29100072901 /* ContentView.swift */; };
		7ACF17B82A30B29300072901 /* Assets.xcassets in Resources */ = {isa = PBXBuildFile; fileRef = 7ACF17B72A30B29300072901 /* Assets.xcassets */; };
		7ACF17BC2A30B29300072901 /* Preview Assets.xcassets in Resources */ = {isa = PBXBuildFile; fileRef = 7ACF17BB2A30B29300072901 /* Preview Assets.xcassets */; };
		7ACF17C62A30B29400072901 /* TCATutorialTests.swift in Sources */ = {isa = PBXBuildFile; fileRef = 7ACF17C52A30B29400072901 /* TCATutorialTests.swift */; };
		7ACF17D02A30B29400072901 /* TCATutorialUITests.swift in Sources */ = {isa = PBXBuildFile; fileRef = 7ACF17CF2A30B29400072901 /* TCATutorialUITests.swift */; };
		7ACF17D22A30B29400072901 /* TCATutorialUITestsLaunchTests.swift in Sources */ = {isa = PBXBuildFile; fileRef = 7ACF17D12A30B29400072901 /* TCATutorialUITestsLaunchTests.swift */; };
/* End PBXBuildFile section */

/* Begin PBXContainerItemProxy section */
		7ACF17C22A30B29400072901 /* PBXContainerItemProxy */ = {
			isa = PBXContainerItemProxy;
			containerPortal = 7ACF17A82A30B29100072901 /* Project object */;
			proxyType = 1;
			remoteGlobalIDString = 7ACF17AF2A30B29100072901;
			remoteInfo = TCATutorial;
		};
		7ACF17CC2A30B29400072901 /* PBXContainerItemProxy */ = {
			isa = PBXContainerItemProxy;
			containerPortal = 7ACF17A82A30B29100072901 /* Project object */;
			proxyType = 1;
			remoteGlobalIDString = 7ACF17AF2A30B29100072901;
			remoteInfo = TCATutorial;
		};
/* End PBXContainerItemProxy section */

/* Begin PBXFileReference section */
		7ACF17B02A30B29100072901 /* TCATutorial.app */ = {isa = PBXFileReference; explicitFileType = wrapper.application; includeInIndex = 0; path = TCATutorial.app; sourceTree = BUILT_PRODUCTS_DIR; };
		7ACF17B32A30B29100072901 /* TCATutorialApp.swift */ = {isa = PBXFileReference; lastKnownFileType = sourcecode.swift; path = TCATutorialApp.swift; sourceTree = "<group>"; };
		7ACF17B52A30B29100072901 /* ContentView.swift */ = {isa = PBXFileReference; lastKnownFileType = sourcecode.swift; path = ContentView.swift; sourceTree = "<group>"; };
		7ACF17B72A30B29300072901 /* Assets.xcassets */ = {isa = PBXFileReference; lastKnownFileType = folder.assetcatalog; path = Assets.xcassets; sourceTree = "<group>"; };
		7ACF17B92A30B29300072901 /* TCATutorial.entitlements */ = {isa = PBXFileReference; lastKnownFileType = text.plist.entitlements; path = TCATutorial.entitlements; sourceTree = "<group>"; };
		7ACF17BB2A30B29300072901 /* Preview Assets.xcassets */ = {isa = PBXFileReference; lastKnownFileType = folder.assetcatalog; path = "Preview Assets.xcassets"; sourceTree = "<group>"; };
		7ACF17C12A30B29400072901 /* TCATutorialTests.xctest */ = {isa = PBXFileReference; explicitFileType = wrapper.cfbundle; includeInIndex = 0; path = TCATutorialTests.xctest; sourceTree = BUILT_PRODUCTS_DIR; };
		7ACF17C52A30B29400072901 /* TCATutorialTests.swift */ = {isa = PBXFileReference; lastKnownFileType = sourcecode.swift; path = TCATutorialTests.swift; sourceTree = "<group>"; };
		7ACF17CB2A30B29400072901 /* TCATutorialUITests.xctest */ = {isa = PBXFileReference; explicitFileType = wrapper.cfbundle; includeInIndex = 0; path = TCATutorialUITests.xctest; sourceTree = BUILT_PRODUCTS_DIR; };
		7ACF17CF2A30B29400072901 /* TCATutorialUITests.swift */ = {isa = PBXFileReference; lastKnownFileType = sourcecode.swift; path = TCATutorialUITests.swift; sourceTree = "<group>"; };
		7ACF17D12A30B29400072901 /* TCATutorialUITestsLaunchTests.swift */ = {isa = PBXFileReference; lastKnownFileType = sourcecode.swift; path = TCATutorialUITestsLaunchTests.swift; sourceTree = "<group>"; };
/* End PBXFileReference section */

/* Begin PBXFrameworksBuildPhase section */
		7ACF17AD2A30B29100072901 /* Frameworks */ = {
			isa = PBXFrameworksBuildPhase;
			buildActionMask = 2147483647;
			files = (
			);
			runOnlyForDeploymentPostprocessing = 0;
		};
		7ACF17BE2A30B29400072901 /* Frameworks */ = {
			isa = PBXFrameworksBuildPhase;
			buildActionMask = 2147483647;
			files = (
			);
			runOnlyForDeploymentPostprocessing = 0;
		};
		7ACF17C82A30B29400072901 /* Frameworks */ = {
			isa = PBXFrameworksBuildPhase;
			buildActionMask = 2147483647;
			files = (
			);
			runOnlyForDeploymentPostprocessing = 0;
		};
/* End PBXFrameworksBuildPhase section */

/* Begin PBXGroup section */
		7ACF17A72A30B29100072901 = {
			isa = PBXGroup;
			children = (
				7ACF17B22A30B29100072901 /* TCATutorial */,
				7ACF17C42A30B29400072901 /* TCATutorialTests */,
				7ACF17CE2A30B29400072901 /* TCATutorialUITests */,
				7ACF17B12A30B29100072901 /* Products */,
			);
			sourceTree = "<group>";
		};
		7ACF17B12A30B29100072901 /* Products */ = {
			isa = PBXGroup;
			children = (
				7ACF17B02A30B29100072901 /* TCATutorial.app */,
				7ACF17C12A30B29400072901 /* TCATutorialTests.xctest */,
				7ACF17CB2A30B29400072901 /* TCATutorialUITests.xctest */,
			);
			name = Products;
			sourceTree = "<group>";
		};
		7ACF17B22A30B29100072901 /* TCATutorial */ = {
			isa = PBXGroup;
			children = (
				7ACF17B32A30B29100072901 /* TCATutorialApp.swift */,
				7ACF17B52A30B29100072901 /* ContentView.swift */,
				7ACF17B72A30B29300072901 /* Assets.xcassets */,
				7ACF17B92A30B29300072901 /* TCATutorial.entitlements */,
				7ACF17BA2A30B29300072901 /* Preview Content */,
			);
			path = TCATutorial;
			sourceTree = "<group>";
		};
		7ACF17BA2A30B29300072901 /* Preview Content */ = {
			isa = PBXGroup;
			children = (
				7ACF17BB2A30B29300072901 /* Preview Assets.xcassets */,
			);
			path = "Preview Content";
			sourceTree = "<group>";
		};
		7ACF17C42A30B29400072901 /* TCATutorialTests */ = {
			isa = PBXGroup;
			children = (
				7ACF17C52A30B29400072901 /* TCATutorialTests.swift */,
			);
			path = TCATutorialTests;
			sourceTree = "<group>";
		};
		7ACF17CE2A30B29400072901 /* TCATutorialUITests */ = {
			isa = PBXGroup;
			children = (
				7ACF17CF2A30B29400072901 /* TCATutorialUITests.swift */,
				7ACF17D12A30B29400072901 /* TCATutorialUITestsLaunchTests.swift */,
			);
			path = TCATutorialUITests;
			sourceTree = "<group>";
		};
/* End PBXGroup section */

/* Begin PBXNativeTarget section */
		7ACF17AF2A30B29100072901 /* TCATutorial */ = {
			isa = PBXNativeTarget;
			buildConfigurationList = 7ACF17D52A30B29400072901 /* Build configuration list for PBXNativeTarget "TCATutorial" */;
			buildPhases = (
				7ACF17AC2A30B29100072901 /* Sources */,
				7ACF17AD2A30B29100072901 /* Frameworks */,
				7ACF17AE2A30B29100072901 /* Resources */,
			);
			buildRules = (
			);
			dependencies = (
			);
			name = TCATutorial;
			productName = TCATutorial;
			productReference = 7ACF17B02A30B29100072901 /* TCATutorial.app */;
			productType = "com.apple.product-type.application";
		};
		7ACF17C02A30B29400072901 /* TCATutorialTests */ = {
			isa = PBXNativeTarget;
			buildConfigurationList = 7ACF17D82A30B29400072901 /* Build configuration list for PBXNativeTarget "TCATutorialTests" */;
			buildPhases = (
				7ACF17BD2A30B29400072901 /* Sources */,
				7ACF17BE2A30B29400072901 /* Frameworks */,
				7ACF17BF2A30B29400072901 /* Resources */,
			);
			buildRules = (
			);
			dependencies = (
				7ACF17C32A30B29400072901 /* PBXTargetDependency */,
			);
			name = TCATutorialTests;
			productName = TCATutorialTests;
			productReference = 7ACF17C12A30B29400072901 /* TCATutorialTests.xctest */;
			productType = "com.apple.product-type.bundle.unit-test";
		};
		7ACF17CA2A30B29400072901 /* TCATutorialUITests */ = {
			isa = PBXNativeTarget;
			buildConfigurationList = 7ACF17DB2A30B29400072901 /* Build configuration list for PBXNativeTarget "TCATutorialUITests" */;
			buildPhases = (
				7ACF17C72A30B29400072901 /* Sources */,
				7ACF17C82A30B29400072901 /* Frameworks */,
				7ACF17C92A30B29400072901 /* Resources */,
			);
			buildRules = (
			);
			dependencies = (
				7ACF17CD2A30B29400072901 /* PBXTargetDependency */,
			);
			name = TCATutorialUITests;
			productName = TCATutorialUITests;
			productReference = 7ACF17CB2A30B29400072901 /* TCATutorialUITests.xctest */;
			productType = "com.apple.product-type.bundle.ui-testing";
		};
/* End PBXNativeTarget section */

/* Begin PBXProject section */
		7ACF17A82A30B29100072901 /* Project object */ = {
			isa = PBXProject;
			attributes = {
				BuildIndependentTargetsInParallel = 1;
				LastSwiftUpdateCheck = 1420;
				LastUpgradeCheck = 1420;
				TargetAttributes = {
					7ACF17AF2A30B29100072901 = {
						CreatedOnToolsVersion = 14.2;
					};
					7ACF17C02A30B29400072901 = {
						CreatedOnToolsVersion = 14.2;
						TestTargetID = 7ACF17AF2A30B29100072901;
					};
					7ACF17CA2A30B29400072901 = {
						CreatedOnToolsVersion = 14.2;
						TestTargetID = 7ACF17AF2A30B29100072901;
					};
				};
			};
			buildConfigurationList = 7ACF17AB2A30B29100072901 /* Build configuration list for PBXProject "TCATutorial" */;
			compatibilityVersion = "Xcode 14.0";
			developmentRegion = en;
			hasScannedForEncodings = 0;
			knownRegions = (
				en,
				Base,
			);
			mainGroup = 7ACF17A72A30B29100072901;
			productRefGroup = 7ACF17B12A30B29100072901 /* Products */;
			projectDirPath = "";
			projectRoot = "";
			targets = (
				7ACF17AF2A30B29100072901 /* TCATutorial */,
				7ACF17C02A30B29400072901 /* TCATutorialTests */,
				7ACF17CA2A30B29400072901 /* TCATutorialUITests */,
			);
		};
/* End PBXProject section */

/* Begin PBXResourcesBuildPhase section */
		7ACF17AE2A30B29100072901 /* Resources */ = {
			isa = PBXResourcesBuildPhase;
			buildActionMask = 2147483647;
			files = (
				7ACF17BC2A30B29300072901 /* Preview Assets.xcassets in Resources */,
				7ACF17B82A30B29300072901 /* Assets.xcassets in Resources */,
			);
			runOnlyForDeploymentPostprocessing = 0;
		};
		7ACF17BF2A30B29400072901 /* Resources */ = {
			isa = PBXResourcesBuildPhase;
			buildActionMask = 2147483647;
			files = (
			);
			runOnlyForDeploymentPostprocessing = 0;
		};
		7ACF17C92A30B29400072901 /* Resources */ = {
			isa = PBXResourcesBuildPhase;
			buildActionMask = 2147483647;
			files = (
			);
			runOnlyForDeploymentPostprocessing = 0;
		};
/* End PBXResourcesBuildPhase section */

/* Begin PBXSourcesBuildPhase section */
		7ACF17AC2A30B29100072901 /* Sources */ = {
			isa = PBXSourcesBuildPhase;
			buildActionMask = 2147483647;
			files = (
				7ACF17B62A30B29100072901 /* ContentView.swift in Sources */,
				7ACF17B42A30B29100072901 /* TCATutorialApp.swift in Sources */,
			);
			runOnlyForDeploymentPostprocessing = 0;
		};
		7ACF17BD2A30B29400072901 /* Sources */ = {
			isa = PBXSourcesBuildPhase;
			buildActionMask = 2147483647;
			files = (
				7ACF17C62A30B29400072901 /* TCATutorialTests.swift in Sources */,
			);
			runOnlyForDeploymentPostprocessing = 0;
		};
		7ACF17C72A30B29400072901 /* Sources */ = {
			isa = PBXSourcesBuildPhase;
			buildActionMask = 2147483647;
			files = (
				7ACF17D02A30B29400072901 /* TCATutorialUITests.swift in Sources */,
				7ACF17D22A30B29400072901 /* TCATutorialUITestsLaunchTests.swift in Sources */,
			);
			runOnlyForDeploymentPostprocessing = 0;
		};
/* End PBXSourcesBuildPhase section */

/* Begin PBXTargetDependency section */
		7ACF17C32A30B29400072901 /* PBXTargetDependency */ = {
			isa = PBXTargetDependency;
			target = 7ACF17AF2A30B29100072901 /* TCATutorial */;
			targetProxy = 7ACF17C22A30B29400072901 /* PBXContainerItemProxy */;
		};
		7ACF17CD2A30B29400072901 /* PBXTargetDependency */ = {
			isa = PBXTargetDependency;
			target = 7ACF17AF2A30B29100072901 /* TCATutorial */;
			targetProxy = 7ACF17CC2A30B29400072901 /* PBXContainerItemProxy */;
		};
/* End PBXTargetDependency section */

/* Begin XCBuildConfiguration section */
		7ACF17D32A30B29400072901 /* Debug */ = {
			isa = XCBuildConfiguration;
			buildSettings = {
				ALWAYS_SEARCH_USER_PATHS = NO;
				CLANG_ANALYZER_NONNULL = YES;
				CLANG_ANALYZER_NUMBER_OBJECT_CONVERSION = YES_AGGRESSIVE;
				CLANG_CXX_LANGUAGE_STANDARD = "gnu++20";
				CLANG_ENABLE_MODULES = YES;
				CLANG_ENABLE_OBJC_ARC = YES;
				CLANG_ENABLE_OBJC_WEAK = YES;
				CLANG_WARN_BLOCK_CAPTURE_AUTORELEASING = YES;
				CLANG_WARN_BOOL_CONVERSION = YES;
				CLANG_WARN_COMMA = YES;
				CLANG_WARN_CONSTANT_CONVERSION = YES;
				CLANG_WARN_DEPRECATED_OBJC_IMPLEMENTATIONS = YES;
				CLANG_WARN_DIRECT_OBJC_ISA_USAGE = YES_ERROR;
				CLANG_WARN_DOCUMENTATION_COMMENTS = YES;
				CLANG_WARN_EMPTY_BODY = YES;
				CLANG_WARN_ENUM_CONVERSION = YES;
				CLANG_WARN_INFINITE_RECURSION = YES;
				CLANG_WARN_INT_CONVERSION = YES;
				CLANG_WARN_NON_LITERAL_NULL_CONVERSION = YES;
				CLANG_WARN_OBJC_IMPLICIT_RETAIN_SELF = YES;
				CLANG_WARN_OBJC_LITERAL_CONVERSION = YES;
				CLANG_WARN_OBJC_ROOT_CLASS = YES_ERROR;
				CLANG_WARN_QUOTED_INCLUDE_IN_FRAMEWORK_HEADER = YES;
				CLANG_WARN_RANGE_LOOP_ANALYSIS = YES;
				CLANG_WARN_STRICT_PROTOTYPES = YES;
				CLANG_WARN_SUSPICIOUS_MOVE = YES;
				CLANG_WARN_UNGUARDED_AVAILABILITY = YES_AGGRESSIVE;
				CLANG_WARN_UNREACHABLE_CODE = YES;
				CLANG_WARN__DUPLICATE_METHOD_MATCH = YES;
				COPY_PHASE_STRIP = NO;
				DEBUG_INFORMATION_FORMAT = dwarf;
				ENABLE_STRICT_OBJC_MSGSEND = YES;
				ENABLE_TESTABILITY = YES;
				GCC_C_LANGUAGE_STANDARD = gnu11;
				GCC_DYNAMIC_NO_PIC = NO;
				GCC_NO_COMMON_BLOCKS = YES;
				GCC_OPTIMIZATION_LEVEL = 0;
				GCC_PREPROCESSOR_DEFINITIONS = (
					"DEBUG=1",
					"$(inherited)",
				);
				GCC_WARN_64_TO_32_BIT_CONVERSION = YES;
				GCC_WARN_ABOUT_RETURN_TYPE = YES_ERROR;
				GCC_WARN_UNDECLARED_SELECTOR = YES;
				GCC_WARN_UNINITIALIZED_AUTOS = YES_AGGRESSIVE;
				GCC_WARN_UNUSED_FUNCTION = YES;
				GCC_WARN_UNUSED_VARIABLE = YES;
				MTL_ENABLE_DEBUG_INFO = INCLUDE_SOURCE;
				MTL_FAST_MATH = YES;
				ONLY_ACTIVE_ARCH = YES;
				SWIFT_ACTIVE_COMPILATION_CONDITIONS = DEBUG;
				SWIFT_OPTIMIZATION_LEVEL = "-Onone";
			};
			name = Debug;
		};
		7ACF17D42A30B29400072901 /* Release */ = {
			isa = XCBuildConfiguration;
			buildSettings = {
				ALWAYS_SEARCH_USER_PATHS = NO;
				CLANG_ANALYZER_NONNULL = YES;
				CLANG_ANALYZER_NUMBER_OBJECT_CONVERSION = YES_AGGRESSIVE;
				CLANG_CXX_LANGUAGE_STANDARD = "gnu++20";
				CLANG_ENABLE_MODULES = YES;
				CLANG_ENABLE_OBJC_ARC = YES;
				CLANG_ENABLE_OBJC_WEAK = YES;
				CLANG_WARN_BLOCK_CAPTURE_AUTORELEASING = YES;
				CLANG_WARN_BOOL_CONVERSION = YES;
				CLANG_WARN_COMMA = YES;
				CLANG_WARN_CONSTANT_CONVERSION = YES;
				CLANG_WARN_DEPRECATED_OBJC_IMPLEMENTATIONS = YES;
				CLANG_WARN_DIRECT_OBJC_ISA_USAGE = YES_ERROR;
				CLANG_WARN_DOCUMENTATION_COMMENTS = YES;
				CLANG_WARN_EMPTY_BODY = YES;
				CLANG_WARN_ENUM_CONVERSION = YES;
				CLANG_WARN_INFINITE_RECURSION = YES;
				CLANG_WARN_INT_CONVERSION = YES;
				CLANG_WARN_NON_LITERAL_NULL_CONVERSION = YES;
				CLANG_WARN_OBJC_IMPLICIT_RETAIN_SELF = YES;
				CLANG_WARN_OBJC_LITERAL_CONVERSION = YES;
				CLANG_WARN_OBJC_ROOT_CLASS = YES_ERROR;
				CLANG_WARN_QUOTED_INCLUDE_IN_FRAMEWORK_HEADER = YES;
				CLANG_WARN_RANGE_LOOP_ANALYSIS = YES;
				CLANG_WARN_STRICT_PROTOTYPES = YES;
				CLANG_WARN_SUSPICIOUS_MOVE = YES;
				CLANG_WARN_UNGUARDED_AVAILABILITY = YES_AGGRESSIVE;
				CLANG_WARN_UNREACHABLE_CODE = YES;
				CLANG_WARN__DUPLICATE_METHOD_MATCH = YES;
				COPY_PHASE_STRIP = NO;
				DEBUG_INFORMATION_FORMAT = "dwarf-with-dsym";
				ENABLE_NS_ASSERTIONS = NO;
				ENABLE_STRICT_OBJC_MSGSEND = YES;
				GCC_C_LANGUAGE_STANDARD = gnu11;
				GCC_NO_COMMON_BLOCKS = YES;
				GCC_WARN_64_TO_32_BIT_CONVERSION = YES;
				GCC_WARN_ABOUT_RETURN_TYPE = YES_ERROR;
				GCC_WARN_UNDECLARED_SELECTOR = YES;
				GCC_WARN_UNINITIALIZED_AUTOS = YES_AGGRESSIVE;
				GCC_WARN_UNUSED_FUNCTION = YES;
				GCC_WARN_UNUSED_VARIABLE = YES;
				MTL_ENABLE_DEBUG_INFO = NO;
				MTL_FAST_MATH = YES;
				SWIFT_COMPILATION_MODE = wholemodule;
				SWIFT_OPTIMIZATION_LEVEL = "-O";
			};
			name = Release;
		};
		7ACF17D62A30B29400072901 /* Debug */ = {
			isa = XCBuildConfiguration;
			buildSettings = {
				ASSETCATALOG_COMPILER_APPICON_NAME = AppIcon;
				ASSETCATALOG_COMPILER_GLOBAL_ACCENT_COLOR_NAME = AccentColor;
				CODE_SIGN_ENTITLEMENTS = TCATutorial/TCATutorial.entitlements;
				CODE_SIGN_STYLE = Automatic;
				CURRENT_PROJECT_VERSION = 1;
				DEVELOPMENT_ASSET_PATHS = "\"TCATutorial/Preview Content\"";
				ENABLE_PREVIEWS = YES;
				GENERATE_INFOPLIST_FILE = YES;
				"INFOPLIST_KEY_UIApplicationSceneManifest_Generation[sdk=iphoneos*]" = YES;
				"INFOPLIST_KEY_UIApplicationSceneManifest_Generation[sdk=iphonesimulator*]" = YES;
				"INFOPLIST_KEY_UIApplicationSupportsIndirectInputEvents[sdk=iphoneos*]" = YES;
				"INFOPLIST_KEY_UIApplicationSupportsIndirectInputEvents[sdk=iphonesimulator*]" = YES;
				"INFOPLIST_KEY_UILaunchScreen_Generation[sdk=iphoneos*]" = YES;
				"INFOPLIST_KEY_UILaunchScreen_Generation[sdk=iphonesimulator*]" = YES;
				"INFOPLIST_KEY_UIStatusBarStyle[sdk=iphoneos*]" = UIStatusBarStyleDefault;
				"INFOPLIST_KEY_UIStatusBarStyle[sdk=iphonesimulator*]" = UIStatusBarStyleDefault;
				INFOPLIST_KEY_UISupportedInterfaceOrientations_iPad = "UIInterfaceOrientationPortrait UIInterfaceOrientationPortraitUpsideDown UIInterfaceOrientationLandscapeLeft UIInterfaceOrientationLandscapeRight";
				INFOPLIST_KEY_UISupportedInterfaceOrientations_iPhone = "UIInterfaceOrientationPortrait UIInterfaceOrientationLandscapeLeft UIInterfaceOrientationLandscapeRight";
				IPHONEOS_DEPLOYMENT_TARGET = 16.2;
				LD_RUNPATH_SEARCH_PATHS = "@executable_path/Frameworks";
				"LD_RUNPATH_SEARCH_PATHS[sdk=macosx*]" = "@executable_path/../Frameworks";
				MACOSX_DEPLOYMENT_TARGET = 13.1;
				MARKETING_VERSION = 1.0;
				PRODUCT_BUNDLE_IDENTIFIER = com.hide0101.TcaTutorial.TCATutorial;
				PRODUCT_NAME = "$(TARGET_NAME)";
				SDKROOT = auto;
				SUPPORTED_PLATFORMS = "iphoneos iphonesimulator macosx";
				SWIFT_EMIT_LOC_STRINGS = YES;
				SWIFT_VERSION = 5.0;
				TARGETED_DEVICE_FAMILY = "1,2";
			};
			name = Debug;
		};
		7ACF17D72A30B29400072901 /* Release */ = {
			isa = XCBuildConfiguration;
			buildSettings = {
				ASSETCATALOG_COMPILER_APPICON_NAME = AppIcon;
				ASSETCATALOG_COMPILER_GLOBAL_ACCENT_COLOR_NAME = AccentColor;
				CODE_SIGN_ENTITLEMENTS = TCATutorial/TCATutorial.entitlements;
				CODE_SIGN_STYLE = Automatic;
				CURRENT_PROJECT_VERSION = 1;
				DEVELOPMENT_ASSET_PATHS = "\"TCATutorial/Preview Content\"";
				ENABLE_PREVIEWS = YES;
				GENERATE_INFOPLIST_FILE = YES;
				"INFOPLIST_KEY_UIApplicationSceneManifest_Generation[sdk=iphoneos*]" = YES;
				"INFOPLIST_KEY_UIApplicationSceneManifest_Generation[sdk=iphonesimulator*]" = YES;
				"INFOPLIST_KEY_UIApplicationSupportsIndirectInputEvents[sdk=iphoneos*]" = YES;
				"INFOPLIST_KEY_UIApplicationSupportsIndirectInputEvents[sdk=iphonesimulator*]" = YES;
				"INFOPLIST_KEY_UILaunchScreen_Generation[sdk=iphoneos*]" = YES;
				"INFOPLIST_KEY_UILaunchScreen_Generation[sdk=iphonesimulator*]" = YES;
				"INFOPLIST_KEY_UIStatusBarStyle[sdk=iphoneos*]" = UIStatusBarStyleDefault;
				"INFOPLIST_KEY_UIStatusBarStyle[sdk=iphonesimulator*]" = UIStatusBarStyleDefault;
				INFOPLIST_KEY_UISupportedInterfaceOrientations_iPad = "UIInterfaceOrientationPortrait UIInterfaceOrientationPortraitUpsideDown UIInterfaceOrientationLandscapeLeft UIInterfaceOrientationLandscapeRight";
				INFOPLIST_KEY_UISupportedInterfaceOrientations_iPhone = "UIInterfaceOrientationPortrait UIInterfaceOrientationLandscapeLeft UIInterfaceOrientationLandscapeRight";
				IPHONEOS_DEPLOYMENT_TARGET = 16.2;
				LD_RUNPATH_SEARCH_PATHS = "@executable_path/Frameworks";
				"LD_RUNPATH_SEARCH_PATHS[sdk=macosx*]" = "@executable_path/../Frameworks";
				MACOSX_DEPLOYMENT_TARGET = 13.1;
				MARKETING_VERSION = 1.0;
				PRODUCT_BUNDLE_IDENTIFIER = com.hide0101.TcaTutorial.TCATutorial;
				PRODUCT_NAME = "$(TARGET_NAME)";
				SDKROOT = auto;
				SUPPORTED_PLATFORMS = "iphoneos iphonesimulator macosx";
				SWIFT_EMIT_LOC_STRINGS = YES;
				SWIFT_VERSION = 5.0;
				TARGETED_DEVICE_FAMILY = "1,2";
			};
			name = Release;
		};
		7ACF17D92A30B29400072901 /* Debug */ = {
			isa = XCBuildConfiguration;
			buildSettings = {
				ALWAYS_EMBED_SWIFT_STANDARD_LIBRARIES = YES;
				BUNDLE_LOADER = "$(TEST_HOST)";
				CODE_SIGN_STYLE = Automatic;
				CURRENT_PROJECT_VERSION = 1;
				GENERATE_INFOPLIST_FILE = YES;
				IPHONEOS_DEPLOYMENT_TARGET = 16.2;
				MACOSX_DEPLOYMENT_TARGET = 13.1;
				MARKETING_VERSION = 1.0;
				PRODUCT_BUNDLE_IDENTIFIER = com.hide0101.TcaTutorial.TCATutorialTests;
				PRODUCT_NAME = "$(TARGET_NAME)";
				SDKROOT = auto;
				SUPPORTED_PLATFORMS = "iphoneos iphonesimulator macosx";
				SWIFT_EMIT_LOC_STRINGS = NO;
				SWIFT_VERSION = 5.0;
				TARGETED_DEVICE_FAMILY = "1,2";
				TEST_HOST = "$(BUILT_PRODUCTS_DIR)/TCATutorial.app/$(BUNDLE_EXECUTABLE_FOLDER_PATH)/TCATutorial";
			};
			name = Debug;
		};
		7ACF17DA2A30B29400072901 /* Release */ = {
			isa = XCBuildConfiguration;
			buildSettings = {
				ALWAYS_EMBED_SWIFT_STANDARD_LIBRARIES = YES;
				BUNDLE_LOADER = "$(TEST_HOST)";
				CODE_SIGN_STYLE = Automatic;
				CURRENT_PROJECT_VERSION = 1;
				GENERATE_INFOPLIST_FILE = YES;
				IPHONEOS_DEPLOYMENT_TARGET = 16.2;
				MACOSX_DEPLOYMENT_TARGET = 13.1;
				MARKETING_VERSION = 1.0;
				PRODUCT_BUNDLE_IDENTIFIER = com.hide0101.TcaTutorial.TCATutorialTests;
				PRODUCT_NAME = "$(TARGET_NAME)";
				SDKROOT = auto;
				SUPPORTED_PLATFORMS = "iphoneos iphonesimulator macosx";
				SWIFT_EMIT_LOC_STRINGS = NO;
				SWIFT_VERSION = 5.0;
				TARGETED_DEVICE_FAMILY = "1,2";
				TEST_HOST = "$(BUILT_PRODUCTS_DIR)/TCATutorial.app/$(BUNDLE_EXECUTABLE_FOLDER_PATH)/TCATutorial";
			};
			name = Release;
		};
		7ACF17DC2A30B29400072901 /* Debug */ = {
			isa = XCBuildConfiguration;
			buildSettings = {
				ALWAYS_EMBED_SWIFT_STANDARD_LIBRARIES = YES;
				CODE_SIGN_STYLE = Automatic;
				CURRENT_PROJECT_VERSION = 1;
				GENERATE_INFOPLIST_FILE = YES;
				IPHONEOS_DEPLOYMENT_TARGET = 16.2;
				MACOSX_DEPLOYMENT_TARGET = 13.1;
				MARKETING_VERSION = 1.0;
				PRODUCT_BUNDLE_IDENTIFIER = com.hide0101.TcaTutorial.TCATutorialUITests;
				PRODUCT_NAME = "$(TARGET_NAME)";
				SDKROOT = auto;
				SUPPORTED_PLATFORMS = "iphoneos iphonesimulator macosx";
				SWIFT_EMIT_LOC_STRINGS = NO;
				SWIFT_VERSION = 5.0;
				TARGETED_DEVICE_FAMILY = "1,2";
				TEST_TARGET_NAME = TCATutorial;
			};
			name = Debug;
		};
		7ACF17DD2A30B29400072901 /* Release */ = {
			isa = XCBuildConfiguration;
			buildSettings = {
				ALWAYS_EMBED_SWIFT_STANDARD_LIBRARIES = YES;
				CODE_SIGN_STYLE = Automatic;
				CURRENT_PROJECT_VERSION = 1;
				GENERATE_INFOPLIST_FILE = YES;
				IPHONEOS_DEPLOYMENT_TARGET = 16.2;
				MACOSX_DEPLOYMENT_TARGET = 13.1;
				MARKETING_VERSION = 1.0;
				PRODUCT_BUNDLE_IDENTIFIER = com.hide0101.TcaTutorial.TCATutorialUITests;
				PRODUCT_NAME = "$(TARGET_NAME)";
				SDKROOT = auto;
				SUPPORTED_PLATFORMS = "iphoneos iphonesimulator macosx";
				SWIFT_EMIT_LOC_STRINGS = NO;
				SWIFT_VERSION = 5.0;
				TARGETED_DEVICE_FAMILY = "1,2";
				TEST_TARGET_NAME = TCATutorial;
			};
			name = Release;
		};
/* End XCBuildConfiguration section */

/* Begin XCConfigurationList section */
		7ACF17AB2A30B29100072901 /* Build configuration list for PBXProject "TCATutorial" */ = {
			isa = XCConfigurationList;
			buildConfigurations = (
				7ACF17D32A30B29400072901 /* Debug */,
				7ACF17D42A30B29400072901 /* Release */,
			);
			defaultConfigurationIsVisible = 0;
			defaultConfigurationName = Release;
		};
		7ACF17D52A30B29400072901 /* Build configuration list for PBXNativeTarget "TCATutorial" */ = {
			isa = XCConfigurationList;
			buildConfigurations = (
				7ACF17D62A30B29400072901 /* Debug */,
				7ACF17D72A30B29400072901 /* Release */,
			);
			defaultConfigurationIsVisible = 0;
			defaultConfigurationName = Release;
		};
		7ACF17D82A30B29400072901 /* Build configuration list for PBXNativeTarget "TCATutorialTests" */ = {
			isa = XCConfigurationList;
			buildConfigurations = (
				7ACF17D92A30B29400072901 /* Debug */,
				7ACF17DA2A30B29400072901 /* Release */,
			);
			defaultConfigurationIsVisible = 0;
			defaultConfigurationName = Release;
		};
		7ACF17DB2A30B29400072901 /* Build configuration list for PBXNativeTarget "TCATutorialUITests" */ = {
			isa = XCConfigurationList;
			buildConfigurations = (
				7ACF17DC2A30B29400072901 /* Debug */,
				7ACF17DD2A30B29400072901 /* Release */,
			);
			defaultConfigurationIsVisible = 0;
			defaultConfigurationName = Release;
		};
/* End XCConfigurationList section */
	};
	rootObject = 7ACF17A82A30B29100072901 /* Project object */;
}
